Microsoft Visual Studio Solution File, Format Version 12.00
# Visual Studio Version 17
VisualStudioVersion = 17.13.35828.75
MinimumVisualStudioVersion = 10.0.40219.1
Project("{54A90642-561A-4BB1-A94E-469ADEE60C69}") = "printerdashboard.client", "printerdashboard.client\printerdashboard.client.esproj", "{1DB42EBB-3057-28D9-1E25-272D4355B5AA}"
EndProject
Project("{FAE04EC0-301F-11D3-BF4B-00C04F79EFBC}") = "PrinterDashboard.Server", "PrinterDashboard.Server\PrinterDashboard.Server.csproj", "{AC1335C1-8063-46D9-BA0F-6ABBE2895720}"
EndProject
Global
	GlobalSection(SolutionConfigurationPlatforms) = preSolution
		Debug|Any CPU = Debug|Any CPU
		Release|Any CPU = Release|Any CPU
	EndGlobalSection
	GlobalSection(ProjectConfigurationPlatforms) = postSolution
		{1DB42EBB-3057-28D9-1E25-272D4355B5AA}.Debug|Any CPU.ActiveCfg = Debug|Any CPU
		{1DB42EBB-3057-28D9-1E25-272D4355B5AA}.Debug|Any CPU.Build.0 = Debug|Any CPU
		{1DB42EBB-3057-28D9-1E25-272D4355B5AA}.Debug|Any CPU.Deploy.0 = Debug|Any CPU
		{1DB42EBB-3057-28D9-1E25-272D4355B5AA}.Release|Any CPU.ActiveCfg = Release|Any CPU
		{1DB42EBB-3057-28D9-1E25-272D4355B5AA}.Release|Any CPU.Build.0 = Release|Any CPU
		{1DB42EBB-3057-28D9-1E25-272D4355B5AA}.Release|Any CPU.Deploy.0 = Release|Any CPU
		{AC1335C1-8063-46D9-BA0F-6ABBE2895720}.Debug|Any CPU.ActiveCfg = Debug|Any CPU
		{AC1335C1-8063-46D9-BA0F-6ABBE2895720}.Debug|Any CPU.Build.0 = Debug|Any CPU
		{AC1335C1-8063-46D9-BA0F-6ABBE2895720}.Release|Any CPU.ActiveCfg = Release|Any CPU
		{AC1335C1-8063-46D9-BA0F-6ABBE2895720}.Release|Any CPU.Build.0 = Release|Any CPU
	EndGlobalSection
	GlobalSection(SolutionProperties) = preSolution
		HideSolutionNode = FALSE
	EndGlobalSection
	GlobalSection(ExtensibilityGlobals) = postSolution
		SolutionGuid = {701178F3-D9C6-4AA2-B2D3-36ED812E6D2F}
	EndGlobalSection
EndGlobal
